
Microsoft Visual Studio Solution File, Format Version 12.00
Project("{FAE04EC0-301F-11D3-BF4B-00C04F79EFBC}") = "BeachyRooms.Web", "BeachyRooms.Web\BeachyRooms.Web.csproj", "{547C56F6-8BF1-4FE0-9590-767148EC2210}"
EndProject
Project("{FAE04EC0-301F-11D3-BF4B-00C04F79EFBC}") = "BeachyRooms.Domain", "BeachyRooms.Domain\BeachyRooms.Domain.csproj", "{901B0B18-24D9-444A-825E-74280F9C4F5C}"
EndProject
Project("{FAE04EC0-301F-11D3-BF4B-00C04F79EFBC}") = "BeachyRooms.Infrastructure", "BeachyRooms.Infrastructure\BeachyRooms.Infrastructure.csproj", "{5363D98E-FAEF-40A9-B520-8078F8624A47}"
EndProject
Project("{FAE04EC0-301F-11D3-BF4B-00C04F79EFBC}") = "BeachyRooms.Application", "BeachyRooms.Application\BeachyRooms.Application.csproj", "{BC4D6EA8-86EF-49D6-AAA7-96FAF2421D7D}"
EndProject
Global
	GlobalSection(SolutionConfigurationPlatforms) = preSolution
		Debug|Any CPU = Debug|Any CPU
		Release|Any CPU = Release|Any CPU
	EndGlobalSection
	GlobalSection(ProjectConfigurationPlatforms) = postSolution
		{547C56F6-8BF1-4FE0-9590-767148EC2210}.Debug|Any CPU.ActiveCfg = Debug|Any CPU
		{547C56F6-8BF1-4FE0-9590-767148EC2210}.Debug|Any CPU.Build.0 = Debug|Any CPU
		{547C56F6-8BF1-4FE0-9590-767148EC2210}.Release|Any CPU.ActiveCfg = Release|Any CPU
		{547C56F6-8BF1-4FE0-9590-767148EC2210}.Release|Any CPU.Build.0 = Release|Any CPU
		{901B0B18-24D9-444A-825E-74280F9C4F5C}.Debug|Any CPU.ActiveCfg = Debug|Any CPU
		{901B0B18-24D9-444A-825E-74280F9C4F5C}.Debug|Any CPU.Build.0 = Debug|Any CPU
		{901B0B18-24D9-444A-825E-74280F9C4F5C}.Release|Any CPU.ActiveCfg = Release|Any CPU
		{901B0B18-24D9-444A-825E-74280F9C4F5C}.Release|Any CPU.Build.0 = Release|Any CPU
		{5363D98E-FAEF-40A9-B520-8078F8624A47}.Debug|Any CPU.ActiveCfg = Debug|Any CPU
		{5363D98E-FAEF-40A9-B520-8078F8624A47}.Debug|Any CPU.Build.0 = Debug|Any CPU
		{5363D98E-FAEF-40A9-B520-8078F8624A47}.Release|Any CPU.ActiveCfg = Release|Any CPU
		{5363D98E-FAEF-40A9-B520-8078F8624A47}.Release|Any CPU.Build.0 = Release|Any CPU
		{BC4D6EA8-86EF-49D6-AAA7-96FAF2421D7D}.Debug|Any CPU.ActiveCfg = Debug|Any CPU
		{BC4D6EA8-86EF-49D6-AAA7-96FAF2421D7D}.Debug|Any CPU.Build.0 = Debug|Any CPU
		{BC4D6EA8-86EF-49D6-AAA7-96FAF2421D7D}.Release|Any CPU.ActiveCfg = Release|Any CPU
		{BC4D6EA8-86EF-49D6-AAA7-96FAF2421D7D}.Release|Any CPU.Build.0 = Release|Any CPU
	EndGlobalSection
EndGlobal
